
Microsoft Visual Studio Solution File, Format Version 12.00
# Visual Studio Version 17
VisualStudioVersion = 17.9.34607.119
MinimumVisualStudioVersion = 10.0.40219.1
Project("{9A19103F-16F7-4668-BE54-9A1E7A4F7556}") = "UserTestingApplication", "UserTestingApplication\UserTestingApplication.csproj", "{CD54F025-97E5-46AF-BB62-AC37A0EF55E7}"
EndProject
Global
	GlobalSection(SolutionConfigurationPlatforms) = preSolution
		Debug|Any CPU = Debug|Any CPU
		Release|Any CPU = Release|Any CPU
	EndGlobalSection
	GlobalSection(ProjectConfigurationPlatforms) = postSolution
		{CD54F025-97E5-46AF-BB62-AC37A0EF55E7}.Debug|Any CPU.ActiveCfg = Debug|Any CPU
		{CD54F025-97E5-46AF-BB62-AC37A0EF55E7}.Debug|Any CPU.Build.0 = Debug|Any CPU
		{CD54F025-97E5-46AF-BB62-AC37A0EF55E7}.Release|Any CPU.ActiveCfg = Release|Any CPU
		{CD54F025-97E5-46AF-BB62-AC37A0EF55E7}.Release|Any CPU.Build.0 = Release|Any CPU
	EndGlobalSection
	GlobalSection(SolutionProperties) = preSolution
		HideSolutionNode = FALSE
	EndGlobalSection
	GlobalSection(ExtensibilityGlobals) = postSolution
		SolutionGuid = {84EAEC97-85FE-47A6-BB83-035B5F0A335C}
	EndGlobalSection
EndGlobal
